
Microsoft Visual Studio Solution File, Format Version 12.00
# Visual Studio 2012
Project("{FAE04EC0-301F-11D3-BF4B-00C04F79EFBC}") = "AdamFWatkins", "AdamFWatkins\AdamFWatkins.csproj", "{3AE3EF37-D84B-4863-9D07-FAC7074E3AEC}"
EndProject
Global
	GlobalSection(SolutionConfigurationPlatforms) = preSolution
		Debug|Any CPU = Debug|Any CPU
		Release|Any CPU = Release|Any CPU
	EndGlobalSection
	GlobalSection(ProjectConfigurationPlatforms) = postSolution
		{3AE3EF37-D84B-4863-9D07-FAC7074E3AEC}.Debug|Any CPU.ActiveCfg = Debug|Any CPU
		{3AE3EF37-D84B-4863-9D07-FAC7074E3AEC}.Debug|Any CPU.Build.0 = Debug|Any CPU
		{3AE3EF37-D84B-4863-9D07-FAC7074E3AEC}.Release|Any CPU.ActiveCfg = Release|Any CPU
		{3AE3EF37-D84B-4863-9D07-FAC7074E3AEC}.Release|Any CPU.Build.0 = Release|Any CPU
	EndGlobalSection
	GlobalSection(SolutionProperties) = preSolution
		HideSolutionNode = FALSE
	EndGlobalSection
EndGlobal
